// !$*UTF8*$!
{
	archiveVersion = 1;
	classes = {
	};
	objectVersion = 46;
	objects = {

/* Begin PBXAggregateTarget section */
		53DF6901067E5B8E0090B5B0 /* All */ = {
			isa = PBXAggregateTarget;
			buildConfigurationList = C056398708A954F8003078D8 /* Build configuration list for PBXAggregateTarget "All" */;
			buildPhases = (
			);
			dependencies = (
				53DF6905067E5B930090B5B0 /* PBXTargetDependency */,
			);
			name = All;
			productName = All;
		};
/* End PBXAggregateTarget section */

/* Begin PBXBuildFile section */
		13F8B89007B43554008AE28D /* Cocoa.framework in Frameworks */ = {isa = PBXBuildFile; fileRef = DD92D38A0106425D02CA0E72 /* Cocoa.framework */; };
		AB3FF2DE1F4213B900A94D0D /* HMLabel.framework in Frameworks */ = {isa = PBXBuildFile; fileRef = 53DF68FD067E5B5A0090B5B0 /* HMLabel.framework */; };
		E46D7C8D17D122D7007D2F0E /* HMLabelCell.h in Headers */ = {isa = PBXBuildFile; fileRef = E46D7C7E17D122D7007D2F0E /* HMLabelCell.h */; settings = {ATTRIBUTES = (Public, ); }; };
		E46D7C8E17D122D7007D2F0E /* HMLabelCell.m in Sources */ = {isa = PBXBuildFile; fileRef = E46D7C7F17D122D7007D2F0E /* HMLabelCell.m */; };
		E46D7C8F17D122D7007D2F0E /* HMLabelControl.h in Headers */ = {isa = PBXBuildFile; fileRef = E46D7C8117D122D7007D2F0E /* HMLabelControl.h */; settings = {ATTRIBUTES = (Public, ); }; };
		E46D7C9017D122D7007D2F0E /* HMLabelControl.m in Sources */ = {isa = PBXBuildFile; fileRef = E46D7C8217D122D7007D2F0E /* HMLabelControl.m */; };
		E46D7C9117D122D7007D2F0E /* HMLabelField.h in Headers */ = {isa = PBXBuildFile; fileRef = E46D7C8417D122D7007D2F0E /* HMLabelField.h */; settings = {ATTRIBUTES = (Public, ); }; };
		E46D7C9217D122D7007D2F0E /* HMLabelField.m in Sources */ = {isa = PBXBuildFile; fileRef = E46D7C8517D122D7007D2F0E /* HMLabelField.m */; };
		E46D7C9317D122D7007D2F0E /* HMLabelMenuItem.h in Headers */ = {isa = PBXBuildFile; fileRef = E46D7C8717D122D7007D2F0E /* HMLabelMenuItem.h */; settings = {ATTRIBUTES = (Public, ); }; };
		E46D7C9417D122D7007D2F0E /* HMLabelMenuItem.m in Sources */ = {isa = PBXBuildFile; fileRef = E46D7C8817D122D7007D2F0E /* HMLabelMenuItem.m */; };
		E46D7C9617D122D7007D2F0E /* HMLabelMenuView.h in Headers */ = {isa = PBXBuildFile; fileRef = E46D7C8B17D122D7007D2F0E /* HMLabelMenuView.h */; settings = {ATTRIBUTES = (Public, ); }; };
		E46D7C9717D122D7007D2F0E /* HMLabelMenuView.m in Sources */ = {isa = PBXBuildFile; fileRef = E46D7C8C17D122D7007D2F0E /* HMLabelMenuView.m */; };
		F4C24A1D158D708800CE95B1 /* InfoPlist.strings in Resources */ = {isa = PBXBuildFile; fileRef = F4C24A16158D708800CE95B1 /* InfoPlist.strings */; };
		F4C24A1E158D708800CE95B1 /* MainMenu.xib in Resources */ = {isa = PBXBuildFile; fileRef = F4C24A18158D708800CE95B1 /* MainMenu.xib */; };
		F4C24A20158D708800CE95B1 /* main.m in Sources */ = {isa = PBXBuildFile; fileRef = F4C24A1C158D708800CE95B1 /* main.m */; };
		F4C24A50158D723500CE95B1 /* HMLabelDemoAppDelegate.m in Sources */ = {isa = PBXBuildFile; fileRef = F4C24A4F158D723500CE95B1 /* HMLabelDemoAppDelegate.m */; };
/* End PBXBuildFile section */

/* Begin PBXContainerItemProxy section */
		53DF6904067E5B930090B5B0 /* PBXContainerItemProxy */ = {
			isa = PBXContainerItemProxy;
			containerPortal = 0259C573FE90428111CA0C5A /* Project object */;
			proxyType = 1;
			remoteGlobalIDString = 53DF68FC067E5B5A0090B5B0;
			remoteInfo = XspfMLabelFramework;
		};
/* End PBXContainerItemProxy section */

/* Begin PBXFileReference section */
		13F8B88807B434F6008AE28D /* AppKit.framework */ = {isa = PBXFileReference; lastKnownFileType = wrapper.framework; name = AppKit.framework; path = /System/Library/Frameworks/AppKit.framework; sourceTree = "<absolute>"; };
		13F8B88907B434F6008AE28D /* CoreData.framework */ = {isa = PBXFileReference; lastKnownFileType = wrapper.framework; name = CoreData.framework; path = /System/Library/Frameworks/CoreData.framework; sourceTree = "<absolute>"; };
		13F8B88A07B434F6008AE28D /* Foundation.framework */ = {isa = PBXFileReference; lastKnownFileType = wrapper.framework; name = Foundation.framework; path = /System/Library/Frameworks/Foundation.framework; sourceTree = "<absolute>"; };
		53DF68FD067E5B5A0090B5B0 /* HMLabel.framework */ = {isa = PBXFileReference; explicitFileType = wrapper.framework; includeInIndex = 0; path = HMLabel.framework; sourceTree = BUILT_PRODUCTS_DIR; };
		53DF68FE067E5B5A0090B5B0 /* HMLabel-Info.plist */ = {isa = PBXFileReference; lastKnownFileType = text.plist.xml; path = "HMLabel-Info.plist"; sourceTree = "<group>"; };
		8D1AC9730486D14A00FE50C9 /* Info.plist */ = {isa = PBXFileReference; fileEncoding = 4; lastKnownFileType = text.plist; path = Info.plist; sourceTree = "<group>"; };
		8D1AC97B0486D23100FE50C9 /* English */ = {isa = PBXFileReference; fileEncoding = 10; lastKnownFileType = text.plist.strings; name = English; path = English.lproj/InfoPlist.strings; sourceTree = "<group>"; };
		ABB6C562216BAB4B00B2381C /* Base */ = {isa = PBXFileReference; lastKnownFileType = file.xib; name = Base; path = Base.lproj/MainMenu.xib; sourceTree = "<group>"; };
		DD92D38A0106425D02CA0E72 /* Cocoa.framework */ = {isa = PBXFileReference; lastKnownFileType = wrapper.framework; name = Cocoa.framework; path = /System/Library/Frameworks/Cocoa.framework; sourceTree = "<absolute>"; };
		E46D7C7E17D122D7007D2F0E /* HMLabelCell.h */ = {isa = PBXFileReference; fileEncoding = 4; lastKnownFileType = sourcecode.c.h; path = HMLabelCell.h; sourceTree = "<group>"; };
		E46D7C7F17D122D7007D2F0E /* HMLabelCell.m */ = {isa = PBXFileReference; fileEncoding = 4; lastKnownFileType = sourcecode.c.objc; path = HMLabelCell.m; sourceTree = "<group>"; };
		E46D7C8117D122D7007D2F0E /* HMLabelControl.h */ = {isa = PBXFileReference; fileEncoding = 4; lastKnownFileType = sourcecode.c.h; path = HMLabelControl.h; sourceTree = "<group>"; };
		E46D7C8217D122D7007D2F0E /* HMLabelControl.m */ = {isa = PBXFileReference; fileEncoding = 4; lastKnownFileType = sourcecode.c.objc; path = HMLabelControl.m; sourceTree = "<group>"; };
		E46D7C8417D122D7007D2F0E /* HMLabelField.h */ = {isa = PBXFileReference; fileEncoding = 4; lastKnownFileType = sourcecode.c.h; path = HMLabelField.h; sourceTree = "<group>"; };
		E46D7C8517D122D7007D2F0E /* HMLabelField.m */ = {isa = PBXFileReference; fileEncoding = 4; lastKnownFileType = sourcecode.c.objc; path = HMLabelField.m; sourceTree = "<group>"; };
		E46D7C8717D122D7007D2F0E /* HMLabelMenuItem.h */ = {isa = PBXFileReference; fileEncoding = 4; lastKnownFileType = sourcecode.c.h; path = HMLabelMenuItem.h; sourceTree = "<group>"; };
		E46D7C8817D122D7007D2F0E /* HMLabelMenuItem.m */ = {isa = PBXFileReference; fileEncoding = 4; lastKnownFileType = sourcecode.c.objc; path = HMLabelMenuItem.m; sourceTree = "<group>"; };
		E46D7C8B17D122D7007D2F0E /* HMLabelMenuView.h */ = {isa = PBXFileReference; fileEncoding = 4; lastKnownFileType = sourcecode.c.h; path = HMLabelMenuView.h; sourceTree = "<group>"; };
		E46D7C8C17D122D7007D2F0E /* HMLabelMenuView.m */ = {isa = PBXFileReference; fileEncoding = 4; lastKnownFileType = sourcecode.c.objc; path = HMLabelMenuView.m; sourceTree = "<group>"; };
		F4C24A0B158D702700CE95B1 /* HMLabelDemo.app */ = {isa = PBXFileReference; explicitFileType = wrapper.application; includeInIndex = 0; path = HMLabelDemo.app; sourceTree = BUILT_PRODUCTS_DIR; };
		F4C24A17158D708800CE95B1 /* English */ = {isa = PBXFileReference; fileEncoding = 4; lastKnownFileType = text.plist.strings; name = English; path = English.lproj/InfoPlist.strings; sourceTree = "<group>"; };
		F4C24A1A158D708800CE95B1 /* HMLabelDemo-Info.plist */ = {isa = PBXFileReference; fileEncoding = 4; lastKnownFileType = text.plist.xml; path = "HMLabelDemo-Info.plist"; sourceTree = "<group>"; };
		F4C24A1B158D708800CE95B1 /* HMLabelDemo_Prefix.pch */ = {isa = PBXFileReference; fileEncoding = 4; lastKnownFileType = sourcecode.c.h; path = HMLabelDemo_Prefix.pch; sourceTree = "<group>"; };
		F4C24A1C158D708800CE95B1 /* main.m */ = {isa = PBXFileReference; fileEncoding = 4; lastKnownFileType = sourcecode.c.objc; path = main.m; sourceTree = "<group>"; };
		F4C24A4E158D723500CE95B1 /* HMLabelDemoAppDelegate.h */ = {isa = PBXFileReference; fileEncoding = 4; lastKnownFileType = sourcecode.c.h; path = HMLabelDemoAppDelegate.h; sourceTree = "<group>"; };
		F4C24A4F158D723500CE95B1 /* HMLabelDemoAppDelegate.m */ = {isa = PBXFileReference; fileEncoding = 4; lastKnownFileType = sourcecode.c.objc; path = HMLabelDemoAppDelegate.m; sourceTree = "<group>"; };
/* End PBXFileReference section */

/* Begin PBXFrameworksBuildPhase section */
		53DF68FB067E5B5A0090B5B0 /* Frameworks */ = {
			isa = PBXFrameworksBuildPhase;
			buildActionMask = 2147483647;
			files = (
				13F8B89007B43554008AE28D /* Cocoa.framework in Frameworks */,
			);
			runOnlyForDeploymentPostprocessing = 0;
		};
		F4C24A09158D702700CE95B1 /* Frameworks */ = {
			isa = PBXFrameworksBuildPhase;
			buildActionMask = 2147483647;
			files = (
				AB3FF2DE1F4213B900A94D0D /* HMLabel.framework in Frameworks */,
			);
			runOnlyForDeploymentPostprocessing = 0;
		};
/* End PBXFrameworksBuildPhase section */

/* Begin PBXGroup section */
		0259C574FE90428111CA0C5A /* XspfMLabel */ = {
			isa = PBXGroup;
			children = (
				F4C24A15158D708800CE95B1 /* HMLabelDemo */,
				54D33B2C06778E4400C9C163 /* Framework */,
				0259C582FE90428111CA0C5A /* Resources */,
				1ED78706FE9D4A0611CA0C5A /* Products */,
				2E58F364FFB232C311CA0CBA /* Frameworks */,
			);
			name = XspfMLabel;
			sourceTree = "<group>";
		};
		0259C582FE90428111CA0C5A /* Resources */ = {
			isa = PBXGroup;
			children = (
				8D1AC9730486D14A00FE50C9 /* Info.plist */,
				53DF68FE067E5B5A0090B5B0 /* HMLabel-Info.plist */,
				8D1AC97F0486D23B00FE50C9 /* InfoPlist.strings */,
			);
			name = Resources;
			sourceTree = "<group>";
		};
		13F8B6FD07B43410008AE28D /* Linked Frameworks */ = {
			isa = PBXGroup;
			children = (
				DD92D38A0106425D02CA0E72 /* Cocoa.framework */,
			);
			name = "Linked Frameworks";
			sourceTree = "<group>";
		};
		13F8B70407B43425008AE28D /* Other Frameworks */ = {
			isa = PBXGroup;
			children = (
				13F8B88807B434F6008AE28D /* AppKit.framework */,
				13F8B88907B434F6008AE28D /* CoreData.framework */,
				13F8B88A07B434F6008AE28D /* Foundation.framework */,
			);
			name = "Other Frameworks";
			sourceTree = "<group>";
		};
		1ED78706FE9D4A0611CA0C5A /* Products */ = {
			isa = PBXGroup;
			children = (
				53DF68FD067E5B5A0090B5B0 /* HMLabel.framework */,
				F4C24A0B158D702700CE95B1 /* HMLabelDemo.app */,
			);
			name = Products;
			sourceTree = "<group>";
		};
		2E58F364FFB232C311CA0CBA /* Frameworks */ = {
			isa = PBXGroup;
			children = (
				13F8B6FD07B43410008AE28D /* Linked Frameworks */,
				13F8B70407B43425008AE28D /* Other Frameworks */,
			);
			name = Frameworks;
			sourceTree = "<group>";
		};
		54D33B2C06778E4400C9C163 /* Framework */ = {
			isa = PBXGroup;
			children = (
				E46D7C7C17D122D7007D2F0E /* Controls */,
			);
			name = Framework;
			sourceTree = "<group>";
		};
		E46D7C7C17D122D7007D2F0E /* Controls */ = {
			isa = PBXGroup;
			children = (
				E46D7C7D17D122D7007D2F0E /* HMLabelCell */,
				E46D7C8017D122D7007D2F0E /* HMLabelControl */,
				E46D7C8317D122D7007D2F0E /* HMLabelField */,
				E46D7C8617D122D7007D2F0E /* HMLabelMenuItem */,
				E46D7C8A17D122D7007D2F0E /* HMLabelMenuView */,
			);
			path = Controls;
			sourceTree = "<group>";
		};
		E46D7C7D17D122D7007D2F0E /* HMLabelCell */ = {
			isa = PBXGroup;
			children = (
				E46D7C7E17D122D7007D2F0E /* HMLabelCell.h */,
				E46D7C7F17D122D7007D2F0E /* HMLabelCell.m */,
			);
			path = HMLabelCell;
			sourceTree = "<group>";
		};
		E46D7C8017D122D7007D2F0E /* HMLabelControl */ = {
			isa = PBXGroup;
			children = (
				E46D7C8117D122D7007D2F0E /* HMLabelControl.h */,
				E46D7C8217D122D7007D2F0E /* HMLabelControl.m */,
			);
			path = HMLabelControl;
			sourceTree = "<group>";
		};
		E46D7C8317D122D7007D2F0E /* HMLabelField */ = {
			isa = PBXGroup;
			children = (
				E46D7C8417D122D7007D2F0E /* HMLabelField.h */,
				E46D7C8517D122D7007D2F0E /* HMLabelField.m */,
			);
			path = HMLabelField;
			sourceTree = "<group>";
		};
		E46D7C8617D122D7007D2F0E /* HMLabelMenuItem */ = {
			isa = PBXGroup;
			children = (
				E46D7C8717D122D7007D2F0E /* HMLabelMenuItem.h */,
				E46D7C8817D122D7007D2F0E /* HMLabelMenuItem.m */,
			);
			path = HMLabelMenuItem;
			sourceTree = "<group>";
		};
		E46D7C8A17D122D7007D2F0E /* HMLabelMenuView */ = {
			isa = PBXGroup;
			children = (
				E46D7C8B17D122D7007D2F0E /* HMLabelMenuView.h */,
				E46D7C8C17D122D7007D2F0E /* HMLabelMenuView.m */,
			);
			path = HMLabelMenuView;
			sourceTree = "<group>";
		};
		F4C24A15158D708800CE95B1 /* HMLabelDemo */ = {
			isa = PBXGroup;
			children = (
				F4C24A4E158D723500CE95B1 /* HMLabelDemoAppDelegate.h */,
				F4C24A4F158D723500CE95B1 /* HMLabelDemoAppDelegate.m */,
				F4C24A16158D708800CE95B1 /* InfoPlist.strings */,
				F4C24A18158D708800CE95B1 /* MainMenu.xib */,
				F4C24A1A158D708800CE95B1 /* HMLabelDemo-Info.plist */,
				F4C24A1B158D708800CE95B1 /* HMLabelDemo_Prefix.pch */,
				F4C24A1C158D708800CE95B1 /* main.m */,
			);
			path = HMLabelDemo;
			sourceTree = "<group>";
		};
/* End PBXGroup section */

/* Begin PBXHeadersBuildPhase section */
		53DF68F8067E5B5A0090B5B0 /* Headers */ = {
			isa = PBXHeadersBuildPhase;
			buildActionMask = 2147483647;
			files = (
				E46D7C9317D122D7007D2F0E /* HMLabelMenuItem.h in Headers */,
				E46D7C9117D122D7007D2F0E /* HMLabelField.h in Headers */,
				E46D7C8F17D122D7007D2F0E /* HMLabelControl.h in Headers */,
				E46D7C8D17D122D7007D2F0E /* HMLabelCell.h in Headers */,
				E46D7C9617D122D7007D2F0E /* HMLabelMenuView.h in Headers */,
			);
			runOnlyForDeploymentPostprocessing = 0;
		};
/* End PBXHeadersBuildPhase section */

/* Begin PBXNativeTarget section */
		53DF68FC067E5B5A0090B5B0 /* HMLabelFramework */ = {
			isa = PBXNativeTarget;
			buildConfigurationList = C056397F08A954F8003078D8 /* Build configuration list for PBXNativeTarget "HMLabelFramework" */;
			buildPhases = (
				53DF68F8067E5B5A0090B5B0 /* Headers */,
				53DF68F9067E5B5A0090B5B0 /* Resources */,
				53DF68FA067E5B5A0090B5B0 /* Sources */,
				53DF68FB067E5B5A0090B5B0 /* Frameworks */,
			);
			buildRules = (
			);
			dependencies = (
			);
			name = HMLabelFramework;
			productName = XspfMLabelFramework;
			productReference = 53DF68FD067E5B5A0090B5B0 /* HMLabel.framework */;
			productType = "com.apple.product-type.framework";
		};
		F4C24A0A158D702700CE95B1 /* HMLabelDemo */ = {
			isa = PBXNativeTarget;
			buildConfigurationList = F4C24A11158D702800CE95B1 /* Build configuration list for PBXNativeTarget "HMLabelDemo" */;
			buildPhases = (
				F4C24A07158D702700CE95B1 /* Resources */,
				F4C24A08158D702700CE95B1 /* Sources */,
				F4C24A09158D702700CE95B1 /* Frameworks */,
			);
			buildRules = (
			);
			dependencies = (
			);
			name = HMLabelDemo;
			productName = HMLabelDemo;
			productReference = F4C24A0B158D702700CE95B1 /* HMLabelDemo.app */;
			productType = "com.apple.product-type.application";
		};
/* End PBXNativeTarget section */

/* Begin PBXProject section */
		0259C573FE90428111CA0C5A /* Project object */ = {
			isa = PBXProject;
			attributes = {
				LastUpgradeCheck = 1000;
			};
			buildConfigurationList = C056398B08A954F8003078D8 /* Build configuration list for PBXProject "HMLabel" */;
			compatibilityVersion = "Xcode 3.2";
			developmentRegion = English;
			hasScannedForEncodings = 1;
			knownRegions = (
				English,
				Japanese,
				French,
				German,
				Base,
			);
			mainGroup = 0259C574FE90428111CA0C5A /* XspfMLabel */;
			projectDirPath = "";
			projectRoot = ../;
			targets = (
				53DF6901067E5B8E0090B5B0 /* All */,
				53DF68FC067E5B5A0090B5B0 /* HMLabelFramework */,
				F4C24A0A158D702700CE95B1 /* HMLabelDemo */,
			);
		};
/* End PBXProject section */

/* Begin PBXResourcesBuildPhase section */
		53DF68F9067E5B5A0090B5B0 /* Resources */ = {
			isa = PBXResourcesBuildPhase;
			buildActionMask = 2147483647;
			files = (
			);
			runOnlyForDeploymentPostprocessing = 0;
		};
		F4C24A07158D702700CE95B1 /* Resources */ = {
			isa = PBXResourcesBuildPhase;
			buildActionMask = 2147483647;
			files = (
				F4C24A1D158D708800CE95B1 /* InfoPlist.strings in Resources */,
				F4C24A1E158D708800CE95B1 /* MainMenu.xib in Resources */,
			);
			runOnlyForDeploymentPostprocessing = 0;
		};
/* End PBXResourcesBuildPhase section */

/* Begin PBXSourcesBuildPhase section */
		53DF68FA067E5B5A0090B5B0 /* Sources */ = {
			isa = PBXSourcesBuildPhase;
			buildActionMask = 2147483647;
			files = (
				E46D7C8E17D122D7007D2F0E /* HMLabelCell.m in Sources */,
				E46D7C9417D122D7007D2F0E /* HMLabelMenuItem.m in Sources */,
				E46D7C9217D122D7007D2F0E /* HMLabelField.m in Sources */,
				E46D7C9017D122D7007D2F0E /* HMLabelControl.m in Sources */,
				E46D7C9717D122D7007D2F0E /* HMLabelMenuView.m in Sources */,
			);
			runOnlyForDeploymentPostprocessing = 0;
		};
		F4C24A08158D702700CE95B1 /* Sources */ = {
			isa = PBXSourcesBuildPhase;
			buildActionMask = 2147483647;
			files = (
				F4C24A20158D708800CE95B1 /* main.m in Sources */,
				F4C24A50158D723500CE95B1 /* HMLabelDemoAppDelegate.m in Sources */,
			);
			runOnlyForDeploymentPostprocessing = 0;
		};
/* End PBXSourcesBuildPhase section */

/* Begin PBXTargetDependency section */
		53DF6905067E5B930090B5B0 /* PBXTargetDependency */ = {
			isa = PBXTargetDependency;
			target = 53DF68FC067E5B5A0090B5B0 /* HMLabelFramework */;
			targetProxy = 53DF6904067E5B930090B5B0 /* PBXContainerItemProxy */;
		};
/* End PBXTargetDependency section */

/* Begin PBXVariantGroup section */
		8D1AC97F0486D23B00FE50C9 /* InfoPlist.strings */ = {
			isa = PBXVariantGroup;
			children = (
				8D1AC97B0486D23100FE50C9 /* English */,
			);
			name = InfoPlist.strings;
			sourceTree = "<group>";
		};
		F4C24A16158D708800CE95B1 /* InfoPlist.strings */ = {
			isa = PBXVariantGroup;
			children = (
				F4C24A17158D708800CE95B1 /* English */,
			);
			name = InfoPlist.strings;
			sourceTree = "<group>";
		};
		F4C24A18158D708800CE95B1 /* MainMenu.xib */ = {
			isa = PBXVariantGroup;
			children = (
				ABB6C562216BAB4B00B2381C /* Base */,
			);
			name = MainMenu.xib;
			sourceTree = "<group>";
		};
/* End PBXVariantGroup section */

/* Begin XCBuildConfiguration section */
		C056398008A954F8003078D8 /* Debug */ = {
			isa = XCBuildConfiguration;
			buildSettings = {
				CLANG_ENABLE_OBJC_ARC = YES;
				COPY_PHASE_STRIP = NO;
				DEBUG_INFORMATION_FORMAT = dwarf;
				DYLIB_COMPATIBILITY_VERSION = 1;
				DYLIB_CURRENT_VERSION = 1;
				FRAMEWORK_VERSION = A;
				GCC_DYNAMIC_NO_PIC = NO;
				GCC_MODEL_TUNING = G5;
				GCC_OPTIMIZATION_LEVEL = 0;
				GCC_PRECOMPILE_PREFIX_HEADER = YES;
				GCC_PREFIX_HEADER = "$(SYSTEM_LIBRARY_DIR)/Frameworks/AppKit.framework/Headers/AppKit.h";
				INFOPLIST_FILE = "HMLabel-Info.plist";
				INSTALL_PATH = "@rpath";
				PRODUCT_BUNDLE_IDENTIFIER = com.masakih.HMLabelFramework;
				PRODUCT_NAME = HMLabel;
				SKIP_INSTALL = YES;
			};
			name = Debug;
		};
		C056398108A954F8003078D8 /* Release */ = {
			isa = XCBuildConfiguration;
			buildSettings = {
				CLANG_ENABLE_OBJC_ARC = YES;
				DEBUG_INFORMATION_FORMAT = "dwarf-with-dsym";
				DYLIB_COMPATIBILITY_VERSION = 1;
				DYLIB_CURRENT_VERSION = 1;
				FRAMEWORK_VERSION = A;
				GCC_MODEL_TUNING = G5;
				GCC_PRECOMPILE_PREFIX_HEADER = YES;
				GCC_PREFIX_HEADER = "$(SYSTEM_LIBRARY_DIR)/Frameworks/AppKit.framework/Headers/AppKit.h";
				INFOPLIST_FILE = "HMLabel-Info.plist";
				INSTALL_MODE_FLAG = "go-w,a+rX";
				INSTALL_PATH = "@rpath";
				PRODUCT_BUNDLE_IDENTIFIER = com.masakih.HMLabelFramework;
				PRODUCT_NAME = HMLabel;
				SKIP_INSTALL = YES;
			};
			name = Release;
		};
		C056398808A954F8003078D8 /* Debug */ = {
			isa = XCBuildConfiguration;
			buildSettings = {
				CLANG_ENABLE_OBJC_WEAK = YES;
				COPY_PHASE_STRIP = NO;
				GCC_DYNAMIC_NO_PIC = NO;
				GCC_MODEL_TUNING = G5;
				GCC_OPTIMIZATION_LEVEL = 0;
				PRODUCT_NAME = All;
				WARNING_CFLAGS = (
					"-Wmost",
					"-Wno-four-char-constants",
					"-Wno-unknown-pragmas",
				);
			};
			name = Debug;
		};
		C056398908A954F8003078D8 /* Release */ = {
			isa = XCBuildConfiguration;
			buildSettings = {
				CLANG_ENABLE_OBJC_WEAK = YES;
				DEBUG_INFORMATION_FORMAT = "dwarf-with-dsym";
				GCC_MODEL_TUNING = G5;
				PRODUCT_NAME = All;
				WARNING_CFLAGS = (
					"-Wmost",
					"-Wno-four-char-constants",
					"-Wno-unknown-pragmas",
				);
			};
			name = Release;
		};
		C056398C08A954F8003078D8 /* Debug */ = {
			isa = XCBuildConfiguration;
			buildSettings = {
				CLANG_ANALYZER_LOCALIZABILITY_NONLOCALIZED = YES;
				CLANG_WARN_BLOCK_CAPTURE_AUTORELEASING = YES;
				CLANG_WARN_BOOL_CONVERSION = YES;
				CLANG_WARN_COMMA = YES;
				CLANG_WARN_CONSTANT_CONVERSION = YES;
				CLANG_WARN_DEPRECATED_OBJC_IMPLEMENTATIONS = YES;
				CLANG_WARN_EMPTY_BODY = YES;
				CLANG_WARN_ENUM_CONVERSION = YES;
				CLANG_WARN_INFINITE_RECURSION = YES;
				CLANG_WARN_INT_CONVERSION = YES;
				CLANG_WARN_NON_LITERAL_NULL_CONVERSION = YES;
				CLANG_WARN_OBJC_IMPLICIT_RETAIN_SELF = YES;
				CLANG_WARN_OBJC_LITERAL_CONVERSION = YES;
				CLANG_WARN_RANGE_LOOP_ANALYSIS = YES;
				CLANG_WARN_STRICT_PROTOTYPES = YES;
				CLANG_WARN_SUSPICIOUS_MOVE = YES;
				CLANG_WARN_UNREACHABLE_CODE = YES;
				CLANG_WARN__DUPLICATE_METHOD_MATCH = YES;
				ENABLE_STRICT_OBJC_MSGSEND = YES;
				ENABLE_TESTABILITY = YES;
				GCC_C_LANGUAGE_STANDARD = gnu99;
				GCC_NO_COMMON_BLOCKS = YES;
				GCC_WARN_64_TO_32_BIT_CONVERSION = YES;
				GCC_WARN_ABOUT_RETURN_TYPE = YES;
				GCC_WARN_UNDECLARED_SELECTOR = YES;
				GCC_WARN_UNINITIALIZED_AUTOS = YES;
				GCC_WARN_UNUSED_FUNCTION = YES;
				GCC_WARN_UNUSED_VARIABLE = YES;
				MACOSX_DEPLOYMENT_TARGET = 10.9;
				ONLY_ACTIVE_ARCH = YES;
				SDKROOT = "";
			};
			name = Debug;
		};
		C056398D08A954F8003078D8 /* Release */ = {
			isa = XCBuildConfiguration;
			buildSettings = {
				CLANG_ANALYZER_LOCALIZABILITY_NONLOCALIZED = YES;
				CLANG_WARN_BLOCK_CAPTURE_AUTORELEASING = YES;
				CLANG_WARN_BOOL_CONVERSION = YES;
				CLANG_WARN_COMMA = YES;
				CLANG_WARN_CONSTANT_CONVERSION = YES;
				CLANG_WARN_DEPRECATED_OBJC_IMPLEMENTATIONS = YES;
				CLANG_WARN_EMPTY_BODY = YES;
				CLANG_WARN_ENUM_CONVERSION = YES;
				CLANG_WARN_INFINITE_RECURSION = YES;
				CLANG_WARN_INT_CONVERSION = YES;
				CLANG_WARN_NON_LITERAL_NULL_CONVERSION = YES;
				CLANG_WARN_OBJC_IMPLICIT_RETAIN_SELF = YES;
				CLANG_WARN_OBJC_LITERAL_CONVERSION = YES;
				CLANG_WARN_RANGE_LOOP_ANALYSIS = YES;
				CLANG_WARN_STRICT_PROTOTYPES = YES;
				CLANG_WARN_SUSPICIOUS_MOVE = YES;
				CLANG_WARN_UNREACHABLE_CODE = YES;
				CLANG_WARN__DUPLICATE_METHOD_MATCH = YES;
				ENABLE_STRICT_OBJC_MSGSEND = YES;
				GCC_C_LANGUAGE_STANDARD = gnu99;
				GCC_NO_COMMON_BLOCKS = YES;
				GCC_WARN_64_TO_32_BIT_CONVERSION = YES;
				GCC_WARN_ABOUT_RETURN_TYPE = YES;
				GCC_WARN_UNDECLARED_SELECTOR = YES;
				GCC_WARN_UNINITIALIZED_AUTOS = YES;
				GCC_WARN_UNUSED_FUNCTION = YES;
				GCC_WARN_UNUSED_VARIABLE = YES;
				MACOSX_DEPLOYMENT_TARGET = 10.9;
				SDKROOT = "";
			};
			name = Release;
		};
		F4C24A0F158D702800CE95B1 /* Debug */ = {
			isa = XCBuildConfiguration;
			buildSettings = {
				ALWAYS_SEARCH_USER_PATHS = NO;
				CLANG_ENABLE_OBJC_WEAK = YES;
				COPY_PHASE_STRIP = NO;
				GCC_DYNAMIC_NO_PIC = NO;
				GCC_MODEL_TUNING = G5;
				GCC_OPTIMIZATION_LEVEL = 0;
				GCC_PRECOMPILE_PREFIX_HEADER = YES;
				GCC_PREFIX_HEADER = HMLabelDemo/HMLabelDemo_Prefix.pch;
				INFOPLIST_FILE = "HMLabelDemo/HMLabelDemo-Info.plist";
				INSTALL_PATH = "$(HOME)/Applications";
				OTHER_LDFLAGS = (
					"-framework",
					Foundation,
					"-framework",
					AppKit,
				);
				PRODUCT_BUNDLE_IDENTIFIER = "com.yourcompany.${PRODUCT_NAME:rfc1034identifier}";
				PRODUCT_NAME = HMLabelDemo;
			};
			name = Debug;
		};
		F4C24A10158D702800CE95B1 /* Release */ = {
			isa = XCBuildConfiguration;
			buildSettings = {
				ALWAYS_SEARCH_USER_PATHS = NO;
				CLANG_ENABLE_OBJC_WEAK = YES;
				COPY_PHASE_STRIP = YES;
				DEBUG_INFORMATION_FORMAT = "dwarf-with-dsym";
				GCC_MODEL_TUNING = G5;
				GCC_PRECOMPILE_PREFIX_HEADER = YES;
				GCC_PREFIX_HEADER = HMLabelDemo/HMLabelDemo_Prefix.pch;
				INFOPLIST_FILE = "HMLabelDemo/HMLabelDemo-Info.plist";
				INSTALL_PATH = "$(HOME)/Applications";
				OTHER_LDFLAGS = (
					"-framework",
					Foundation,
					"-framework",
					AppKit,
				);
				PRODUCT_BUNDLE_IDENTIFIER = "com.yourcompany.${PRODUCT_NAME:rfc1034identifier}";
				PRODUCT_NAME = HMLabelDemo;
				ZERO_LINK = NO;
			};
			name = Release;
		};
/* End XCBuildConfiguration section */

/* Begin XCConfigurationList section */
		C056397F08A954F8003078D8 /* Build configuration list for PBXNativeTarget "HMLabelFramework" */ = {
			isa = XCConfigurationList;
			buildConfigurations = (
				C056398008A954F8003078D8 /* Debug */,
				C056398108A954F8003078D8 /* Release */,
			);
			defaultConfigurationIsVisible = 0;
			defaultConfigurationName = Release;
		};
		C056398708A954F8003078D8 /* Build configuration list for PBXAggregateTarget "All" */ = {
			isa = XCConfigurationList;
			buildConfigurations = (
				C056398808A954F8003078D8 /* Debug */,
				C056398908A954F8003078D8 /* Release */,
			);
			defaultConfigurationIsVisible = 0;
			defaultConfigurationName = Release;
		};
		C056398B08A954F8003078D8 /* Build configuration list for PBXProject "HMLabel" */ = {
			isa = XCConfigurationList;
			buildConfigurations = (
				C056398C08A954F8003078D8 /* Debug */,
				C056398D08A954F8003078D8 /* Release */,
			);
			defaultConfigurationIsVisible = 0;
			defaultConfigurationName = Release;
		};
		F4C24A11158D702800CE95B1 /* Build configuration list for PBXNativeTarget "HMLabelDemo" */ = {
			isa = XCConfigurationList;
			buildConfigurations = (
				F4C24A0F158D702800CE95B1 /* Debug */,
				F4C24A10158D702800CE95B1 /* Release */,
			);
			defaultConfigurationIsVisible = 0;
			defaultConfigurationName = Release;
		};
/* End XCConfigurationList section */
	};
	rootObject = 0259C573FE90428111CA0C5A /* Project object */;
}
